// !$*UTF8*$!
{
	archiveVersion = 1;
	classes = {
	};
	objectVersion = 46;
	objects = {

/* Begin PBXBuildFile section */
		2B27C241154F5F2100656F0A /* RSSChannelManager.m in Sources */ = {isa = PBXBuildFile; fileRef = 2B27C240154F5F2100656F0A /* RSSChannelManager.m */; };
		3F7C4A79154D36420035B58B /* UIKit.framework in Frameworks */ = {isa = PBXBuildFile; fileRef = 3F7C4A78154D36420035B58B /* UIKit.framework */; };
		3F7C4A7B154D36430035B58B /* Foundation.framework in Frameworks */ = {isa = PBXBuildFile; fileRef = 3F7C4A7A154D36420035B58B /* Foundation.framework */; };
		3F7C4A7D154D36430035B58B /* CoreGraphics.framework in Frameworks */ = {isa = PBXBuildFile; fileRef = 3F7C4A7C154D36430035B58B /* CoreGraphics.framework */; };
		3F7C4A83154D36430035B58B /* InfoPlist.strings in Resources */ = {isa = PBXBuildFile; fileRef = 3F7C4A81154D36430035B58B /* InfoPlist.strings */; };
		3F7C4A85154D36430035B58B /* main.m in Sources */ = {isa = PBXBuildFile; fileRef = 3F7C4A84154D36430035B58B /* main.m */; };
		3F7C4A89154D36430035B58B /* iOSAutomatism_NonARCAppDelegate.m in Sources */ = {isa = PBXBuildFile; fileRef = 3F7C4A88154D36430035B58B /* iOSAutomatism_NonARCAppDelegate.m */; };
		3F7C4A8C154D36430035B58B /* iOSAutomatism_NonARCViewController.m in Sources */ = {isa = PBXBuildFile; fileRef = 3F7C4A8B154D36430035B58B /* iOSAutomatism_NonARCViewController.m */; };
		3F7C4A8F154D36430035B58B /* iOSAutomatism_NonARCViewController.xib in Resources */ = {isa = PBXBuildFile; fileRef = 3F7C4A8D154D36430035B58B /* iOSAutomatism_NonARCViewController.xib */; };
		3FC9FB07154F5AE00046A4E7 /* RSSAppController.m in Sources */ = {isa = PBXBuildFile; fileRef = 3FC9FB02154F5AE00046A4E7 /* RSSAppController.m */; };
		3FC9FB08154F5AE00046A4E7 /* RSSChannel.m in Sources */ = {isa = PBXBuildFile; fileRef = 3FC9FB04154F5AE00046A4E7 /* RSSChannel.m */; };
		3FC9FB09154F5AE00046A4E7 /* RSSItem.m in Sources */ = {isa = PBXBuildFile; fileRef = 3FC9FB06154F5AE00046A4E7 /* RSSItem.m */; };
/* End PBXBuildFile section */

/* Begin PBXFileReference section */
		2B27C23F154F5F2100656F0A /* RSSChannelManager.h */ = {isa = PBXFileReference; fileEncoding = 4; lastKnownFileType = sourcecode.c.h; path = RSSChannelManager.h; sourceTree = "<group>"; };
		2B27C240154F5F2100656F0A /* RSSChannelManager.m */ = {isa = PBXFileReference; fileEncoding = 4; lastKnownFileType = sourcecode.c.objc; path = RSSChannelManager.m; sourceTree = "<group>"; };
		3F7C4A74154D36420035B58B /* iOSAutomatism-NonARC.app */ = {isa = PBXFileReference; explicitFileType = wrapper.application; includeInIndex = 0; path = "iOSAutomatism-NonARC.app"; sourceTree = BUILT_PRODUCTS_DIR; };
		3F7C4A78154D36420035B58B /* UIKit.framework */ = {isa = PBXFileReference; lastKnownFileType = wrapper.framework; name = UIKit.framework; path = System/Library/Frameworks/UIKit.framework; sourceTree = SDKROOT; };
		3F7C4A7A154D36420035B58B /* Foundation.framework */ = {isa = PBXFileReference; lastKnownFileType = wrapper.framework; name = Foundation.framework; path = System/Library/Frameworks/Foundation.framework; sourceTree = SDKROOT; };
		3F7C4A7C154D36430035B58B /* CoreGraphics.framework */ = {isa = PBXFileReference; lastKnownFileType = wrapper.framework; name = CoreGraphics.framework; path = System/Library/Frameworks/CoreGraphics.framework; sourceTree = SDKROOT; };
		3F7C4A80154D36430035B58B /* iOSAutomatism-NonARC-Info.plist */ = {isa = PBXFileReference; lastKnownFileType = text.plist.xml; path = "iOSAutomatism-NonARC-Info.plist"; sourceTree = "<group>"; };
		3F7C4A82154D36430035B58B /* en */ = {isa = PBXFileReference; lastKnownFileType = text.plist.strings; name = en; path = en.lproj/InfoPlist.strings; sourceTree = "<group>"; };
		3F7C4A84154D36430035B58B /* main.m */ = {isa = PBXFileReference; lastKnownFileType = sourcecode.c.objc; path = main.m; sourceTree = "<group>"; };
		3F7C4A86154D36430035B58B /* iOSAutomatism-NonARC-Prefix.pch */ = {isa = PBXFileReference; lastKnownFileType = sourcecode.c.h; path = "iOSAutomatism-NonARC-Prefix.pch"; sourceTree = "<group>"; };
		3F7C4A87154D36430035B58B /* iOSAutomatism_NonARCAppDelegate.h */ = {isa = PBXFileReference; lastKnownFileType = sourcecode.c.h; path = iOSAutomatism_NonARCAppDelegate.h; sourceTree = "<group>"; };
		3F7C4A88154D36430035B58B /* iOSAutomatism_NonARCAppDelegate.m */ = {isa = PBXFileReference; lastKnownFileType = sourcecode.c.objc; path = iOSAutomatism_NonARCAppDelegate.m; sourceTree = "<group>"; };
		3F7C4A8A154D36430035B58B /* iOSAutomatism_NonARCViewController.h */ = {isa = PBXFileReference; lastKnownFileType = sourcecode.c.h; path = iOSAutomatism_NonARCViewController.h; sourceTree = "<group>"; };
		3F7C4A8B154D36430035B58B /* iOSAutomatism_NonARCViewController.m */ = {isa = PBXFileReference; lastKnownFileType = sourcecode.c.objc; path = iOSAutomatism_NonARCViewController.m; sourceTree = "<group>"; };
		3F7C4A8E154D36430035B58B /* en */ = {isa = PBXFileReference; lastKnownFileType = file.xib; name = en; path = en.lproj/iOSAutomatism_NonARCViewController.xib; sourceTree = "<group>"; };
		3FC9FB01154F5AE00046A4E7 /* RSSAppController.h */ = {isa = PBXFileReference; fileEncoding = 4; lastKnownFileType = sourcecode.c.h; path = RSSAppController.h; sourceTree = "<group>"; };
		3FC9FB02154F5AE00046A4E7 /* RSSAppController.m */ = {isa = PBXFileReference; fileEncoding = 4; lastKnownFileType = sourcecode.c.objc; path = RSSAppController.m; sourceTree = "<group>"; };
		3FC9FB03154F5AE00046A4E7 /* RSSChannel.h */ = {isa = PBXFileReference; fileEncoding = 4; lastKnownFileType = sourcecode.c.h; path = RSSChannel.h; sourceTree = "<group>"; };
		3FC9FB04154F5AE00046A4E7 /* RSSChannel.m */ = {isa = PBXFileReference; fileEncoding = 4; lastKnownFileType = sourcecode.c.objc; path = RSSChannel.m; sourceTree = "<group>"; };
		3FC9FB05154F5AE00046A4E7 /* RSSItem.h */ = {isa = PBXFileReference; fileEncoding = 4; lastKnownFileType = sourcecode.c.h; path = RSSItem.h; sourceTree = "<group>"; };
		3FC9FB06154F5AE00046A4E7 /* RSSItem.m */ = {isa = PBXFileReference; fileEncoding = 4; lastKnownFileType = sourcecode.c.objc; path = RSSItem.m; sourceTree = "<group>"; };
/* End PBXFileReference section */

/* Begin PBXFrameworksBuildPhase section */
		3F7C4A71154D36420035B58B /* Frameworks */ = {
			isa = PBXFrameworksBuildPhase;
			buildActionMask = 2147483647;
			files = (
				3F7C4A79154D36420035B58B /* UIKit.framework in Frameworks */,
				3F7C4A7B154D36430035B58B /* Foundation.framework in Frameworks */,
				3F7C4A7D154D36430035B58B /* CoreGraphics.framework in Frameworks */,
			);
			runOnlyForDeploymentPostprocessing = 0;
		};
/* End PBXFrameworksBuildPhase section */

/* Begin PBXGroup section */
		3F7C4A69154D36420035B58B = {
			isa = PBXGroup;
			children = (
				3F7C4A7E154D36430035B58B /* iOSAutomatism-NonARC */,
				3F7C4A77154D36420035B58B /* Frameworks */,
				3F7C4A75154D36420035B58B /* Products */,
			);
			sourceTree = "<group>";
		};
		3F7C4A75154D36420035B58B /* Products */ = {
			isa = PBXGroup;
			children = (
				3F7C4A74154D36420035B58B /* iOSAutomatism-NonARC.app */,
			);
			name = Products;
			sourceTree = "<group>";
		};
		3F7C4A77154D36420035B58B /* Frameworks */ = {
			isa = PBXGroup;
			children = (
				3F7C4A78154D36420035B58B /* UIKit.framework */,
				3F7C4A7A154D36420035B58B /* Foundation.framework */,
				3F7C4A7C154D36430035B58B /* CoreGraphics.framework */,
			);
			name = Frameworks;
			sourceTree = "<group>";
		};
		3F7C4A7E154D36430035B58B /* iOSAutomatism-NonARC */ = {
			isa = PBXGroup;
			children = (
				3FC9FB00154F5AE00046A4E7 /* Classes */,
				3F7C4A87154D36430035B58B /* iOSAutomatism_NonARCAppDelegate.h */,
				3F7C4A88154D36430035B58B /* iOSAutomatism_NonARCAppDelegate.m */,
				3F7C4A8A154D36430035B58B /* iOSAutomatism_NonARCViewController.h */,
				3F7C4A8B154D36430035B58B /* iOSAutomatism_NonARCViewController.m */,
				3F7C4A8D154D36430035B58B /* iOSAutomatism_NonARCViewController.xib */,
				3F7C4A7F154D36430035B58B /* Supporting Files */,
			);
			path = "iOSAutomatism-NonARC";
			sourceTree = "<group>";
		};
		3F7C4A7F154D36430035B58B /* Supporting Files */ = {
			isa = PBXGroup;
			children = (
				3F7C4A80154D36430035B58B /* iOSAutomatism-NonARC-Info.plist */,
				3F7C4A81154D36430035B58B /* InfoPlist.strings */,
				3F7C4A84154D36430035B58B /* main.m */,
				3F7C4A86154D36430035B58B /* iOSAutomatism-NonARC-Prefix.pch */,
			);
			name = "Supporting Files";
			sourceTree = "<group>";
		};
		3FC9FB00154F5AE00046A4E7 /* Classes */ = {
			isa = PBXGroup;
			children = (
				3FC9FB01154F5AE00046A4E7 /* RSSAppController.h */,
				3FC9FB02154F5AE00046A4E7 /* RSSAppController.m */,
				3FC9FB03154F5AE00046A4E7 /* RSSChannel.h */,
				3FC9FB04154F5AE00046A4E7 /* RSSChannel.m */,
				3FC9FB05154F5AE00046A4E7 /* RSSItem.h */,
				3FC9FB06154F5AE00046A4E7 /* RSSItem.m */,
				2B27C23F154F5F2100656F0A /* RSSChannelManager.h */,
				2B27C240154F5F2100656F0A /* RSSChannelManager.m */,
			);
			path = Classes;
			sourceTree = "<group>";
		};
/* End PBXGroup section */

/* Begin PBXNativeTarget section */
		3F7C4A73154D36420035B58B /* iOSAutomatism-NonARC */ = {
			isa = PBXNativeTarget;
			buildConfigurationList = 3F7C4A92154D36430035B58B /* Build configuration list for PBXNativeTarget "iOSAutomatism-NonARC" */;
			buildPhases = (
				3F7C4A70154D36420035B58B /* Sources */,
				3F7C4A71154D36420035B58B /* Frameworks */,
				3F7C4A72154D36420035B58B /* Resources */,
			);
			buildRules = (
			);
			dependencies = (
			);
			name = "iOSAutomatism-NonARC";
			productName = "iOSAutomatism-NonARC";
			productReference = 3F7C4A74154D36420035B58B /* iOSAutomatism-NonARC.app */;
			productType = "com.apple.product-type.application";
		};
/* End PBXNativeTarget section */

/* Begin PBXProject section */
		3F7C4A6B154D36420035B58B /* Project object */ = {
			isa = PBXProject;
			attributes = {
				LastUpgradeCheck = 0420;
			};
			buildConfigurationList = 3F7C4A6E154D36420035B58B /* Build configuration list for PBXProject "iOSAutomatism-NonARC" */;
			compatibilityVersion = "Xcode 3.2";
			developmentRegion = English;
			hasScannedForEncodings = 0;
			knownRegions = (
				en,
			);
			mainGroup = 3F7C4A69154D36420035B58B;
			productRefGroup = 3F7C4A75154D36420035B58B /* Products */;
			projectDirPath = "";
			projectRoot = "";
			targets = (
				3F7C4A73154D36420035B58B /* iOSAutomatism-NonARC */,
			);
		};
/* End PBXProject section */

/* Begin PBXResourcesBuildPhase section */
		3F7C4A72154D36420035B58B /* Resources */ = {
			isa = PBXResourcesBuildPhase;
			buildActionMask = 2147483647;
			files = (
				3F7C4A83154D36430035B58B /* InfoPlist.strings in Resources */,
				3F7C4A8F154D36430035B58B /* iOSAutomatism_NonARCViewController.xib in Resources */,
			);
			runOnlyForDeploymentPostprocessing = 0;
		};
/* End PBXResourcesBuildPhase section */

/* Begin PBXSourcesBuildPhase section */
		3F7C4A70154D36420035B58B /* Sources */ = {
			isa = PBXSourcesBuildPhase;
			buildActionMask = 2147483647;
			files = (
				3F7C4A85154D36430035B58B /* main.m in Sources */,
				3F7C4A89154D36430035B58B /* iOSAutomatism_NonARCAppDelegate.m in Sources */,
				3F7C4A8C154D36430035B58B /* iOSAutomatism_NonARCViewController.m in Sources */,
				3FC9FB07154F5AE00046A4E7 /* RSSAppController.m in Sources */,
				3FC9FB08154F5AE00046A4E7 /* RSSChannel.m in Sources */,
				3FC9FB09154F5AE00046A4E7 /* RSSItem.m in Sources */,
				2B27C241154F5F2100656F0A /* RSSChannelManager.m in Sources */,
			);
			runOnlyForDeploymentPostprocessing = 0;
		};
/* End PBXSourcesBuildPhase section */

/* Begin PBXVariantGroup section */
		3F7C4A81154D36430035B58B /* InfoPlist.strings */ = {
			isa = PBXVariantGroup;
			children = (
				3F7C4A82154D36430035B58B /* en */,
			);
			name = InfoPlist.strings;
			sourceTree = "<group>";
		};
		3F7C4A8D154D36430035B58B /* iOSAutomatism_NonARCViewController.xib */ = {
			isa = PBXVariantGroup;
			children = (
				3F7C4A8E154D36430035B58B /* en */,
			);
			name = iOSAutomatism_NonARCViewController.xib;
			sourceTree = "<group>";
		};
/* End PBXVariantGroup section */

/* Begin XCBuildConfiguration section */
		3F7C4A90154D36430035B58B /* Debug */ = {
			isa = XCBuildConfiguration;
			buildSettings = {
				ALWAYS_SEARCH_USER_PATHS = NO;
				ARCHS = "$(ARCHS_STANDARD_32_BIT)";
				"CODE_SIGN_IDENTITY[sdk=iphoneos*]" = "iPhone Developer";
				COPY_PHASE_STRIP = NO;
				GCC_C_LANGUAGE_STANDARD = gnu99;
				GCC_DYNAMIC_NO_PIC = NO;
				GCC_OPTIMIZATION_LEVEL = 0;
				GCC_PREPROCESSOR_DEFINITIONS = (
					"DEBUG=1",
					"$(inherited)",
				);
				GCC_SYMBOLS_PRIVATE_EXTERN = NO;
				GCC_VERSION = com.apple.compilers.llvm.clang.1_0;
				GCC_WARN_ABOUT_MISSING_PROTOTYPES = YES;
				GCC_WARN_ABOUT_RETURN_TYPE = YES;
				GCC_WARN_UNUSED_VARIABLE = YES;
				IPHONEOS_DEPLOYMENT_TARGET = 3.1;
				SDKROOT = iphoneos;
			};
			name = Debug;
		};
		3F7C4A91154D36430035B58B /* Release */ = {
			isa = XCBuildConfiguration;
			buildSettings = {
				ALWAYS_SEARCH_USER_PATHS = NO;
				ARCHS = "$(ARCHS_STANDARD_32_BIT)";
				"CODE_SIGN_IDENTITY[sdk=iphoneos*]" = "iPhone Developer";
				COPY_PHASE_STRIP = YES;
				GCC_C_LANGUAGE_STANDARD = gnu99;
				GCC_VERSION = com.apple.compilers.llvm.clang.1_0;
				GCC_WARN_ABOUT_MISSING_PROTOTYPES = YES;
				GCC_WARN_ABOUT_RETURN_TYPE = YES;
				GCC_WARN_UNUSED_VARIABLE = YES;
				IPHONEOS_DEPLOYMENT_TARGET = 3.1;
				OTHER_CFLAGS = "-DNS_BLOCK_ASSERTIONS=1";
				SDKROOT = iphoneos;
				VALIDATE_PRODUCT = YES;
			};
			name = Release;
		};
		3F7C4A93154D36430035B58B /* Debug */ = {
			isa = XCBuildConfiguration;
			buildSettings = {
				GCC_PRECOMPILE_PREFIX_HEADER = YES;
				GCC_PREFIX_HEADER = "iOSAutomatism-NonARC/iOSAutomatism-NonARC-Prefix.pch";
				INFOPLIST_FILE = "iOSAutomatism-NonARC/iOSAutomatism-NonARC-Info.plist";
				PRODUCT_NAME = "$(TARGET_NAME)";
				WRAPPER_EXTENSION = app;
			};
			name = Debug;
		};
		3F7C4A94154D36430035B58B /* Release */ = {
			isa = XCBuildConfiguration;
			buildSettings = {
				GCC_PRECOMPILE_PREFIX_HEADER = YES;
				GCC_PREFIX_HEADER = "iOSAutomatism-NonARC/iOSAutomatism-NonARC-Prefix.pch";
				INFOPLIST_FILE = "iOSAutomatism-NonARC/iOSAutomatism-NonARC-Info.plist";
				PRODUCT_NAME = "$(TARGET_NAME)";
				WRAPPER_EXTENSION = app;
			};
			name = Release;
		};
/* End XCBuildConfiguration section */

/* Begin XCConfigurationList section */
		3F7C4A6E154D36420035B58B /* Build configuration list for PBXProject "iOSAutomatism-NonARC" */ = {
			isa = XCConfigurationList;
			buildConfigurations = (
				3F7C4A90154D36430035B58B /* Debug */,
				3F7C4A91154D36430035B58B /* Release */,
			);
			defaultConfigurationIsVisible = 0;
			defaultConfigurationName = Release;
		};
		3F7C4A92154D36430035B58B /* Build configuration list for PBXNativeTarget "iOSAutomatism-NonARC" */ = {
			isa = XCConfigurationList;
			buildConfigurations = (
				3F7C4A93154D36430035B58B /* Debug */,
				3F7C4A94154D36430035B58B /* Release */,
			);
			defaultConfigurationIsVisible = 0;
			defaultConfigurationName = Release;
		};
/* End XCConfigurationList section */
	};
	rootObject = 3F7C4A6B154D36420035B58B /* Project object */;
}
